// !$*UTF8*$!
{
	archiveVersion = 1;
	classes = {
	};
	objectVersion = 46;
	objects = {

/* Begin PBXBuildFile section */
		3044E0A36F0A520A177B8BB7 /* UserCard.m in Sources */ = {isa = PBXBuildFile; fileRef = 3044E05A7A27F560152D9607 /* UserCard.m */; };
		3044E424CBA4C019CB64F8DB /* StoryViewController.m in Sources */ = {isa = PBXBuildFile; fileRef = 3044EE41EC462DC8369E90FD /* StoryViewController.m */; };
		3044E63944BB0B769296C88C /* DetailViewController.m in Sources */ = {isa = PBXBuildFile; fileRef = 3044EEA706533C31A44CCDEE /* DetailViewController.m */; };
		3044E7EBB144C1EBFD33A3E2 /* StoryModel.m in Sources */ = {isa = PBXBuildFile; fileRef = 3044E2DC74FC6E7F27FDF2EE /* StoryModel.m */; };
		3044ED21703A4446F59E4A48 /* MasterViewController.m in Sources */ = {isa = PBXBuildFile; fileRef = 3044E1389979183FB7C39EC0 /* MasterViewController.m */; };
		3044EF03D7DE91B82882990D /* StoryTableViewCell.m in Sources */ = {isa = PBXBuildFile; fileRef = 3044E8B825B20FA80BFB313E /* StoryTableViewCell.m */; };
		3044EFEC56B566A8AEF4E0D0 /* Card.m in Sources */ = {isa = PBXBuildFile; fileRef = 3044E190D4957B0338F87E95 /* Card.m */; };
		9CE591E519D988DD00447DE2 /* main.m in Sources */ = {isa = PBXBuildFile; fileRef = 9CE591E419D988DD00447DE2 /* main.m */; };
		9CE591E819D988DD00447DE2 /* AppDelegate.m in Sources */ = {isa = PBXBuildFile; fileRef = 9CE591E719D988DD00447DE2 /* AppDelegate.m */; };
		9CE591F119D988DD00447DE2 /* Main.storyboard in Resources */ = {isa = PBXBuildFile; fileRef = 9CE591EF19D988DD00447DE2 /* Main.storyboard */; };
		9CE591F319D988DD00447DE2 /* Images.xcassets in Resources */ = {isa = PBXBuildFile; fileRef = 9CE591F219D988DD00447DE2 /* Images.xcassets */; };
		9CE591F619D988DD00447DE2 /* LaunchScreen.xib in Resources */ = {isa = PBXBuildFile; fileRef = 9CE591F419D988DD00447DE2 /* LaunchScreen.xib */; };
		9CE5921119D9963500447DE2 /* UserCardCell.m in Sources */ = {isa = PBXBuildFile; fileRef = 9CE5920F19D9963500447DE2 /* UserCardCell.m */; };
		9CE5921219D9963500447DE2 /* UserCardCell.xib in Resources */ = {isa = PBXBuildFile; fileRef = 9CE5921019D9963500447DE2 /* UserCardCell.xib */; };
		ACD091C29B0060FB59E265EA /* SessionsTable.m in Sources */ = {isa = PBXBuildFile; fileRef = ACD097F91482045028B88C04 /* SessionsTable.m */; };
		ACD0945EFD3BA0ED5CA36E45 /* Constants.m in Sources */ = {isa = PBXBuildFile; fileRef = ACD09B15BDDB6A102E10F78D /* Constants.m */; };
		ACD0948C086210C0A4EC50F0 /* SessionsInteractor.m in Sources */ = {isa = PBXBuildFile; fileRef = ACD09F47B82D3F9580A278C0 /* SessionsInteractor.m */; };
		ACD094AEC0DB4869672F9938 /* StoriesTable.m in Sources */ = {isa = PBXBuildFile; fileRef = ACD09CEAF3B40847634A82E1 /* StoriesTable.m */; };
		ACD095722A7BC5C9E7042D6A /* CurrentStoryTableTest.m in Sources */ = {isa = PBXBuildFile; fileRef = ACD097EF75AE67DF0DCA1B6B /* CurrentStoryTableTest.m */; };
		ACD095B8C71189076BA635B1 /* CurrentStoryTable.m in Sources */ = {isa = PBXBuildFile; fileRef = ACD092C2807AAEE4F5F25749 /* CurrentStoryTable.m */; };
		ACD095D5CAC0AC1C0056EE19 /* StoriesTableTest.m in Sources */ = {isa = PBXBuildFile; fileRef = ACD09E15BB6487E1DE803EEA /* StoriesTableTest.m */; };
		ACD098239F5197A0541E712D /* ScoreInteractor.m in Sources */ = {isa = PBXBuildFile; fileRef = ACD09971D54CC6FE02E9D047 /* ScoreInteractor.m */; };
		ACD098C8FD654B0A6FE25EF2 /* CurrentStoryInteractor.m in Sources */ = {isa = PBXBuildFile; fileRef = ACD09A7743488D3BEBFDD4A2 /* CurrentStoryInteractor.m */; };
		ACD09912826389A8C61A5132 /* BaseSession.m in Sources */ = {isa = PBXBuildFile; fileRef = ACD09DF727DE618F76FB344B /* BaseSession.m */; };
		ACD09B4E2B89A3351449BD16 /* BaseScore.m in Sources */ = {isa = PBXBuildFile; fileRef = ACD09171022B950B0092294D /* BaseScore.m */; };
		ACD09BFA58E45E081B89FEAF /* ScoreTableTest.m in Sources */ = {isa = PBXBuildFile; fileRef = ACD09104A1C93705D7CFF65A /* ScoreTableTest.m */; };
		ACD09CCEAF1D39C4F7B596AB /* SessionsTest.m in Sources */ = {isa = PBXBuildFile; fileRef = ACD09CC68D4013137635F42C /* SessionsTest.m */; };
		ACD09D27C0A9E932329C42D1 /* ScoreTable.m in Sources */ = {isa = PBXBuildFile; fileRef = ACD09A362B4185FA3ACDA976 /* ScoreTable.m */; };
		F0D4EF028A471A737FC1E027 /* libPods.a in Frameworks */ = {isa = PBXBuildFile; fileRef = B1A932A5FD56D95F3A5727DE /* libPods.a */; };
/* End PBXBuildFile section */

/* Begin PBXContainerItemProxy section */
		9CE591FC19D988DD00447DE2 /* PBXContainerItemProxy */ = {
			isa = PBXContainerItemProxy;
			containerPortal = 9CE591D719D988DD00447DE2 /* Project object */;
			proxyType = 1;
			remoteGlobalIDString = 9CE591DE19D988DD00447DE2;
			remoteInfo = KPPokerScrumMaster;
		};
/* End PBXContainerItemProxy section */

/* Begin PBXFileReference section */
		3044E05A7A27F560152D9607 /* UserCard.m */ = {isa = PBXFileReference; fileEncoding = 4; lastKnownFileType = sourcecode.c.objc; path = UserCard.m; sourceTree = "<group>"; };
		3044E1389979183FB7C39EC0 /* MasterViewController.m */ = {isa = PBXFileReference; fileEncoding = 4; lastKnownFileType = sourcecode.c.objc; path = MasterViewController.m; sourceTree = "<group>"; };
		3044E190D4957B0338F87E95 /* Card.m */ = {isa = PBXFileReference; fileEncoding = 4; lastKnownFileType = sourcecode.c.objc; path = Card.m; sourceTree = "<group>"; };
		3044E2DC74FC6E7F27FDF2EE /* StoryModel.m */ = {isa = PBXFileReference; fileEncoding = 4; lastKnownFileType = sourcecode.c.objc; path = StoryModel.m; sourceTree = "<group>"; };
		3044E3D0D5113EF1D7DE874F /* StoryViewController.h */ = {isa = PBXFileReference; fileEncoding = 4; lastKnownFileType = sourcecode.c.h; path = StoryViewController.h; sourceTree = "<group>"; };
		3044E8B825B20FA80BFB313E /* StoryTableViewCell.m */ = {isa = PBXFileReference; fileEncoding = 4; lastKnownFileType = sourcecode.c.objc; path = StoryTableViewCell.m; sourceTree = "<group>"; };
		3044E962EC60BB2E6319173A /* StoryTableViewCell.h */ = {isa = PBXFileReference; fileEncoding = 4; lastKnownFileType = sourcecode.c.h; path = StoryTableViewCell.h; sourceTree = "<group>"; };
		3044E9B0C10264F95C5AE22D /* Card.h */ = {isa = PBXFileReference; fileEncoding = 4; lastKnownFileType = sourcecode.c.h; path = Card.h; sourceTree = "<group>"; };
		3044EBAD937EAA88847CC7EB /* UserCard.h */ = {isa = PBXFileReference; fileEncoding = 4; lastKnownFileType = sourcecode.c.h; path = UserCard.h; sourceTree = "<group>"; };
		3044EBAFE9F9EC481D4FFDC1 /* StoryModel.h */ = {isa = PBXFileReference; fileEncoding = 4; lastKnownFileType = sourcecode.c.h; path = StoryModel.h; sourceTree = "<group>"; };
		3044EE41EC462DC8369E90FD /* StoryViewController.m */ = {isa = PBXFileReference; fileEncoding = 4; lastKnownFileType = sourcecode.c.objc; path = StoryViewController.m; sourceTree = "<group>"; };
		3044EEA706533C31A44CCDEE /* DetailViewController.m */ = {isa = PBXFileReference; fileEncoding = 4; lastKnownFileType = sourcecode.c.objc; path = DetailViewController.m; sourceTree = "<group>"; };
		3044EF5C67D5795643381144 /* MasterViewController.h */ = {isa = PBXFileReference; fileEncoding = 4; lastKnownFileType = sourcecode.c.h; path = MasterViewController.h; sourceTree = "<group>"; };
		3044EFF881B3D15D93BFB0C3 /* DetailViewController.h */ = {isa = PBXFileReference; fileEncoding = 4; lastKnownFileType = sourcecode.c.h; path = DetailViewController.h; sourceTree = "<group>"; };
		9CE591DF19D988DD00447DE2 /* KPPokerScrumMaster.app */ = {isa = PBXFileReference; explicitFileType = wrapper.application; includeInIndex = 0; path = KPPokerScrumMaster.app; sourceTree = BUILT_PRODUCTS_DIR; };
		9CE591E319D988DD00447DE2 /* Info.plist */ = {isa = PBXFileReference; lastKnownFileType = text.plist.xml; path = Info.plist; sourceTree = "<group>"; };
		9CE591E419D988DD00447DE2 /* main.m */ = {isa = PBXFileReference; lastKnownFileType = sourcecode.c.objc; path = main.m; sourceTree = "<group>"; };
		9CE591E619D988DD00447DE2 /* AppDelegate.h */ = {isa = PBXFileReference; lastKnownFileType = sourcecode.c.h; path = AppDelegate.h; sourceTree = "<group>"; };
		9CE591E719D988DD00447DE2 /* AppDelegate.m */ = {isa = PBXFileReference; lastKnownFileType = sourcecode.c.objc; path = AppDelegate.m; sourceTree = "<group>"; };
		9CE591F019D988DD00447DE2 /* Base */ = {isa = PBXFileReference; lastKnownFileType = file.storyboard; name = Base; path = Base.lproj/Main.storyboard; sourceTree = "<group>"; };
		9CE591F219D988DD00447DE2 /* Images.xcassets */ = {isa = PBXFileReference; lastKnownFileType = folder.assetcatalog; path = Images.xcassets; sourceTree = "<group>"; };
		9CE591F519D988DD00447DE2 /* Base */ = {isa = PBXFileReference; lastKnownFileType = file.xib; name = Base; path = Base.lproj/LaunchScreen.xib; sourceTree = "<group>"; };
		9CE591FB19D988DD00447DE2 /* KPPokerScrumMasterTests.xctest */ = {isa = PBXFileReference; explicitFileType = wrapper.cfbundle; includeInIndex = 0; path = KPPokerScrumMasterTests.xctest; sourceTree = BUILT_PRODUCTS_DIR; };
		9CE5920019D988DD00447DE2 /* Info.plist */ = {isa = PBXFileReference; lastKnownFileType = text.plist.xml; path = Info.plist; sourceTree = "<group>"; };
		9CE5920E19D9963500447DE2 /* UserCardCell.h */ = {isa = PBXFileReference; fileEncoding = 4; lastKnownFileType = sourcecode.c.h; path = UserCardCell.h; sourceTree = "<group>"; };
		9CE5920F19D9963500447DE2 /* UserCardCell.m */ = {isa = PBXFileReference; fileEncoding = 4; lastKnownFileType = sourcecode.c.objc; path = UserCardCell.m; sourceTree = "<group>"; };
		9CE5921019D9963500447DE2 /* UserCardCell.xib */ = {isa = PBXFileReference; fileEncoding = 4; lastKnownFileType = file.xib; path = UserCardCell.xib; sourceTree = "<group>"; };
		ACD09027B58F9C559123206C /* StoriesTable.h */ = {isa = PBXFileReference; fileEncoding = 4; lastKnownFileType = sourcecode.c.h; path = StoriesTable.h; sourceTree = "<group>"; };
		ACD09104A1C93705D7CFF65A /* ScoreTableTest.m */ = {isa = PBXFileReference; fileEncoding = 4; lastKnownFileType = sourcecode.c.objc; path = ScoreTableTest.m; sourceTree = "<group>"; };
		ACD09171022B950B0092294D /* BaseScore.m */ = {isa = PBXFileReference; fileEncoding = 4; lastKnownFileType = sourcecode.c.objc; path = BaseScore.m; sourceTree = "<group>"; };
		ACD0929FC5E6FA99CE807667 /* CurrentStoryTable.h */ = {isa = PBXFileReference; fileEncoding = 4; lastKnownFileType = sourcecode.c.h; path = CurrentStoryTable.h; sourceTree = "<group>"; };
		ACD092C2807AAEE4F5F25749 /* CurrentStoryTable.m */ = {isa = PBXFileReference; fileEncoding = 4; lastKnownFileType = sourcecode.c.objc; path = CurrentStoryTable.m; sourceTree = "<group>"; };
		ACD09477B2E1FC2FE62D4233 /* SessionsTable.h */ = {isa = PBXFileReference; fileEncoding = 4; lastKnownFileType = sourcecode.c.h; path = SessionsTable.h; sourceTree = "<group>"; };
		ACD096717592D97861B78822 /* BaseScore.h */ = {isa = PBXFileReference; fileEncoding = 4; lastKnownFileType = sourcecode.c.h; path = BaseScore.h; sourceTree = "<group>"; };
		ACD097EF75AE67DF0DCA1B6B /* CurrentStoryTableTest.m */ = {isa = PBXFileReference; fileEncoding = 4; lastKnownFileType = sourcecode.c.objc; path = CurrentStoryTableTest.m; sourceTree = "<group>"; };
		ACD097F91482045028B88C04 /* SessionsTable.m */ = {isa = PBXFileReference; fileEncoding = 4; lastKnownFileType = sourcecode.c.objc; path = SessionsTable.m; sourceTree = "<group>"; };
		ACD09842471BC5B48F253A82 /* CurrentStoryInteractor.h */ = {isa = PBXFileReference; fileEncoding = 4; lastKnownFileType = sourcecode.c.h; path = CurrentStoryInteractor.h; sourceTree = "<group>"; };
		ACD09971D54CC6FE02E9D047 /* ScoreInteractor.m */ = {isa = PBXFileReference; fileEncoding = 4; lastKnownFileType = sourcecode.c.objc; path = ScoreInteractor.m; sourceTree = "<group>"; };
		ACD09A362B4185FA3ACDA976 /* ScoreTable.m */ = {isa = PBXFileReference; fileEncoding = 4; lastKnownFileType = sourcecode.c.objc; path = ScoreTable.m; sourceTree = "<group>"; };
		ACD09A7743488D3BEBFDD4A2 /* CurrentStoryInteractor.m */ = {isa = PBXFileReference; fileEncoding = 4; lastKnownFileType = sourcecode.c.objc; path = CurrentStoryInteractor.m; sourceTree = "<group>"; };
		ACD09AB0F6365A98033B296D /* ScoreInteractor.h */ = {isa = PBXFileReference; fileEncoding = 4; lastKnownFileType = sourcecode.c.h; path = ScoreInteractor.h; sourceTree = "<group>"; };
		ACD09B15BDDB6A102E10F78D /* Constants.m */ = {isa = PBXFileReference; fileEncoding = 4; lastKnownFileType = sourcecode.c.objc; path = Constants.m; sourceTree = "<group>"; };
		ACD09B46ED74094B999C2C02 /* Constants.h */ = {isa = PBXFileReference; fileEncoding = 4; lastKnownFileType = sourcecode.c.h; path = Constants.h; sourceTree = "<group>"; };
		ACD09CADD9C6C5FA4E03DAA3 /* ScoreTable.h */ = {isa = PBXFileReference; fileEncoding = 4; lastKnownFileType = sourcecode.c.h; path = ScoreTable.h; sourceTree = "<group>"; };
		ACD09CC68D4013137635F42C /* SessionsTest.m */ = {isa = PBXFileReference; fileEncoding = 4; lastKnownFileType = sourcecode.c.objc; path = SessionsTest.m; sourceTree = "<group>"; };
		ACD09CEAF3B40847634A82E1 /* StoriesTable.m */ = {isa = PBXFileReference; fileEncoding = 4; lastKnownFileType = sourcecode.c.objc; path = StoriesTable.m; sourceTree = "<group>"; };
		ACD09D33C3BEE541184BC68D /* BaseSession.h */ = {isa = PBXFileReference; fileEncoding = 4; lastKnownFileType = sourcecode.c.h; path = BaseSession.h; sourceTree = "<group>"; };
		ACD09DF727DE618F76FB344B /* BaseSession.m */ = {isa = PBXFileReference; fileEncoding = 4; lastKnownFileType = sourcecode.c.objc; path = BaseSession.m; sourceTree = "<group>"; };
		ACD09E15BB6487E1DE803EEA /* StoriesTableTest.m */ = {isa = PBXFileReference; fileEncoding = 4; lastKnownFileType = sourcecode.c.objc; path = StoriesTableTest.m; sourceTree = "<group>"; };
		ACD09EDD9376E4F8FDF66391 /* SessionsInteractor.h */ = {isa = PBXFileReference; fileEncoding = 4; lastKnownFileType = sourcecode.c.h; path = SessionsInteractor.h; sourceTree = "<group>"; };
		ACD09F47B82D3F9580A278C0 /* SessionsInteractor.m */ = {isa = PBXFileReference; fileEncoding = 4; lastKnownFileType = sourcecode.c.objc; path = SessionsInteractor.m; sourceTree = "<group>"; };
		B1A932A5FD56D95F3A5727DE /* libPods.a */ = {isa = PBXFileReference; explicitFileType = archive.ar; includeInIndex = 0; path = libPods.a; sourceTree = BUILT_PRODUCTS_DIR; };
		BF8ED3C7C57613641BBEDBBA /* Pods.release.xcconfig */ = {isa = PBXFileReference; includeInIndex = 1; lastKnownFileType = text.xcconfig; name = Pods.release.xcconfig; path = "Pods/Target Support Files/Pods/Pods.release.xcconfig"; sourceTree = "<group>"; };
		C0470412871F9CBA1C7B38FA /* Pods.debug.xcconfig */ = {isa = PBXFileReference; includeInIndex = 1; lastKnownFileType = text.xcconfig; name = Pods.debug.xcconfig; path = "Pods/Target Support Files/Pods/Pods.debug.xcconfig"; sourceTree = "<group>"; };
/* End PBXFileReference section */

/* Begin PBXFrameworksBuildPhase section */
		9CE591DC19D988DD00447DE2 /* Frameworks */ = {
			isa = PBXFrameworksBuildPhase;
			buildActionMask = 2147483647;
			files = (
				F0D4EF028A471A737FC1E027 /* libPods.a in Frameworks */,
			);
			runOnlyForDeploymentPostprocessing = 0;
		};
		9CE591F819D988DD00447DE2 /* Frameworks */ = {
			isa = PBXFrameworksBuildPhase;
			buildActionMask = 2147483647;
			files = (
			);
			runOnlyForDeploymentPostprocessing = 0;
		};
/* End PBXFrameworksBuildPhase section */

/* Begin PBXGroup section */
		3044E5AC9A38754A8CE542F8 /* Master */ = {
			isa = PBXGroup;
			children = (
				3044E1389979183FB7C39EC0 /* MasterViewController.m */,
				3044EF5C67D5795643381144 /* MasterViewController.h */,
				3044E8B825B20FA80BFB313E /* StoryTableViewCell.m */,
				3044E962EC60BB2E6319173A /* StoryTableViewCell.h */,
			);
			path = Master;
			sourceTree = "<group>";
		};
		3044E72D52848DAB3E9770DB /* Story */ = {
			isa = PBXGroup;
			children = (
				3044E3D0D5113EF1D7DE874F /* StoryViewController.h */,
				3044EE41EC462DC8369E90FD /* StoryViewController.m */,
			);
			path = Story;
			sourceTree = "<group>";
		};
		3044E844AD6BCB0F6E8A4DF2 /* Details */ = {
			isa = PBXGroup;
			children = (
				3044EEA706533C31A44CCDEE /* DetailViewController.m */,
				3044EFF881B3D15D93BFB0C3 /* DetailViewController.h */,
				9CE5920E19D9963500447DE2 /* UserCardCell.h */,
				9CE5920F19D9963500447DE2 /* UserCardCell.m */,
				9CE5921019D9963500447DE2 /* UserCardCell.xib */,
			);
			path = Details;
			sourceTree = "<group>";
		};
		3044EB28D9867A1379132A4A /* Screens */ = {
			isa = PBXGroup;
			children = (
				3044E5AC9A38754A8CE542F8 /* Master */,
				3044E844AD6BCB0F6E8A4DF2 /* Details */,
				3044E72D52848DAB3E9770DB /* Story */,
			);
			path = Screens;
			sourceTree = "<group>";
		};
		3044EB605E64A3575DB38EEB /* Models */ = {
			isa = PBXGroup;
			children = (
				3044E05A7A27F560152D9607 /* UserCard.m */,
				3044EBAD937EAA88847CC7EB /* UserCard.h */,
				3044E9B0C10264F95C5AE22D /* Card.h */,
				3044E190D4957B0338F87E95 /* Card.m */,
				3044E2DC74FC6E7F27FDF2EE /* StoryModel.m */,
				3044EBAFE9F9EC481D4FFDC1 /* StoryModel.h */,
			);
			path = Models;
			sourceTree = "<group>";
		};
		71A5B09942FD0CCACA180465 /* Pods */ = {
			isa = PBXGroup;
			children = (
				C0470412871F9CBA1C7B38FA /* Pods.debug.xcconfig */,
				BF8ED3C7C57613641BBEDBBA /* Pods.release.xcconfig */,
			);
			name = Pods;
			sourceTree = "<group>";
		};
		8075A6DB14ACEF8257B03FE9 /* Frameworks */ = {
			isa = PBXGroup;
			children = (
				B1A932A5FD56D95F3A5727DE /* libPods.a */,
			);
			name = Frameworks;
			sourceTree = "<group>";
		};
		9CE591D619D988DD00447DE2 = {
			isa = PBXGroup;
			children = (
				9CE591E119D988DD00447DE2 /* KPPokerScrumMaster */,
				9CE591FE19D988DD00447DE2 /* KPPokerScrumMasterTests */,
				9CE591E019D988DD00447DE2 /* Products */,
				71A5B09942FD0CCACA180465 /* Pods */,
				8075A6DB14ACEF8257B03FE9 /* Frameworks */,
			);
			sourceTree = "<group>";
		};
		9CE591E019D988DD00447DE2 /* Products */ = {
			isa = PBXGroup;
			children = (
				9CE591DF19D988DD00447DE2 /* KPPokerScrumMaster.app */,
				9CE591FB19D988DD00447DE2 /* KPPokerScrumMasterTests.xctest */,
			);
			name = Products;
			sourceTree = "<group>";
		};
		9CE591E119D988DD00447DE2 /* KPPokerScrumMaster */ = {
			isa = PBXGroup;
			children = (
				9CE591E619D988DD00447DE2 /* AppDelegate.h */,
				9CE591E719D988DD00447DE2 /* AppDelegate.m */,
				9CE591EF19D988DD00447DE2 /* Main.storyboard */,
				9CE591F219D988DD00447DE2 /* Images.xcassets */,
				9CE591F419D988DD00447DE2 /* LaunchScreen.xib */,
				9CE591E219D988DD00447DE2 /* Supporting Files */,
				3044EB28D9867A1379132A4A /* Screens */,
				ACD09C51BDD715423D7CD9C7 /* Data */,
				3044EB605E64A3575DB38EEB /* Models */,
			);
			path = KPPokerScrumMaster;
			sourceTree = "<group>";
		};
		9CE591E219D988DD00447DE2 /* Supporting Files */ = {
			isa = PBXGroup;
			children = (
				9CE591E319D988DD00447DE2 /* Info.plist */,
				9CE591E419D988DD00447DE2 /* main.m */,
			);
			name = "Supporting Files";
			sourceTree = "<group>";
		};
		9CE591FE19D988DD00447DE2 /* KPPokerScrumMasterTests */ = {
			isa = PBXGroup;
			children = (
				9CE591FF19D988DD00447DE2 /* Supporting Files */,
				ACD097EF75AE67DF0DCA1B6B /* CurrentStoryTableTest.m */,
				ACD09E15BB6487E1DE803EEA /* StoriesTableTest.m */,
				ACD09CC68D4013137635F42C /* SessionsTest.m */,
				ACD09104A1C93705D7CFF65A /* ScoreTableTest.m */,
			);
			path = KPPokerScrumMasterTests;
			sourceTree = "<group>";
		};
		9CE591FF19D988DD00447DE2 /* Supporting Files */ = {
			isa = PBXGroup;
			children = (
				9CE5920019D988DD00447DE2 /* Info.plist */,
			);
			name = "Supporting Files";
			sourceTree = "<group>";
		};
		ACD09C51BDD715423D7CD9C7 /* Data */ = {
			isa = PBXGroup;
			children = (
				ACD09027B58F9C559123206C /* StoriesTable.h */,
				ACD09CADD9C6C5FA4E03DAA3 /* ScoreTable.h */,
				ACD09B46ED74094B999C2C02 /* Constants.h */,
				ACD097F91482045028B88C04 /* SessionsTable.m */,
				ACD092C2807AAEE4F5F25749 /* CurrentStoryTable.m */,
				ACD0929FC5E6FA99CE807667 /* CurrentStoryTable.h */,
				ACD09A362B4185FA3ACDA976 /* ScoreTable.m */,
				ACD09CEAF3B40847634A82E1 /* StoriesTable.m */,
				ACD09477B2E1FC2FE62D4233 /* SessionsTable.h */,
				ACD09B15BDDB6A102E10F78D /* Constants.m */,
				ACD09A7743488D3BEBFDD4A2 /* CurrentStoryInteractor.m */,
				ACD09842471BC5B48F253A82 /* CurrentStoryInteractor.h */,
				ACD09971D54CC6FE02E9D047 /* ScoreInteractor.m */,
				ACD09AB0F6365A98033B296D /* ScoreInteractor.h */,
				ACD09F47B82D3F9580A278C0 /* SessionsInteractor.m */,
				ACD09EDD9376E4F8FDF66391 /* SessionsInteractor.h */,
				ACD09DF727DE618F76FB344B /* BaseSession.m */,
				ACD09D33C3BEE541184BC68D /* BaseSession.h */,
				ACD09171022B950B0092294D /* BaseScore.m */,
				ACD096717592D97861B78822 /* BaseScore.h */,
			);
			path = Data;
			sourceTree = "<group>";
		};
/* End PBXGroup section */

/* Begin PBXNativeTarget section */
		9CE591DE19D988DD00447DE2 /* KPPokerScrumMaster */ = {
			isa = PBXNativeTarget;
			buildConfigurationList = 9CE5920519D988DD00447DE2 /* Build configuration list for PBXNativeTarget "KPPokerScrumMaster" */;
			buildPhases = (
				B0AAAD594DCBD136206CBBDF /* Check Pods Manifest.lock */,
				9CE591DB19D988DD00447DE2 /* Sources */,
				9CE591DC19D988DD00447DE2 /* Frameworks */,
				9CE591DD19D988DD00447DE2 /* Resources */,
				C817886F27F28FF5A6B94471 /* Copy Pods Resources */,
			);
			buildRules = (
			);
			dependencies = (
			);
			name = KPPokerScrumMaster;
			productName = KPPokerScrumMaster;
			productReference = 9CE591DF19D988DD00447DE2 /* KPPokerScrumMaster.app */;
			productType = "com.apple.product-type.application";
		};
		9CE591FA19D988DD00447DE2 /* KPPokerScrumMasterTests */ = {
			isa = PBXNativeTarget;
			buildConfigurationList = 9CE5920819D988DD00447DE2 /* Build configuration list for PBXNativeTarget "KPPokerScrumMasterTests" */;
			buildPhases = (
				9CE591F719D988DD00447DE2 /* Sources */,
				9CE591F819D988DD00447DE2 /* Frameworks */,
				9CE591F919D988DD00447DE2 /* Resources */,
			);
			buildRules = (
			);
			dependencies = (
				9CE591FD19D988DD00447DE2 /* PBXTargetDependency */,
			);
			name = KPPokerScrumMasterTests;
			productName = KPPokerScrumMasterTests;
			productReference = 9CE591FB19D988DD00447DE2 /* KPPokerScrumMasterTests.xctest */;
			productType = "com.apple.product-type.bundle.unit-test";
		};
/* End PBXNativeTarget section */

/* Begin PBXProject section */
		9CE591D719D988DD00447DE2 /* Project object */ = {
			isa = PBXProject;
			attributes = {
				LastUpgradeCheck = 0600;
				ORGANIZATIONNAME = Kotikan;
				TargetAttributes = {
					9CE591DE19D988DD00447DE2 = {
						CreatedOnToolsVersion = 6.0;
						DevelopmentTeam = KWA47JNTTZ;
					};
					9CE591FA19D988DD00447DE2 = {
						CreatedOnToolsVersion = 6.0;
						TestTargetID = 9CE591DE19D988DD00447DE2;
					};
				};
			};
			buildConfigurationList = 9CE591DA19D988DD00447DE2 /* Build configuration list for PBXProject "KPPokerScrumMaster" */;
			compatibilityVersion = "Xcode 3.2";
			developmentRegion = English;
			hasScannedForEncodings = 0;
			knownRegions = (
				en,
				Base,
			);
			mainGroup = 9CE591D619D988DD00447DE2;
			productRefGroup = 9CE591E019D988DD00447DE2 /* Products */;
			projectDirPath = "";
			projectRoot = "";
			targets = (
				9CE591DE19D988DD00447DE2 /* KPPokerScrumMaster */,
				9CE591FA19D988DD00447DE2 /* KPPokerScrumMasterTests */,
			);
		};
/* End PBXProject section */

/* Begin PBXResourcesBuildPhase section */
		9CE591DD19D988DD00447DE2 /* Resources */ = {
			isa = PBXResourcesBuildPhase;
			buildActionMask = 2147483647;
			files = (
				9CE591F119D988DD00447DE2 /* Main.storyboard in Resources */,
				9CE591F619D988DD00447DE2 /* LaunchScreen.xib in Resources */,
				9CE591F319D988DD00447DE2 /* Images.xcassets in Resources */,
				9CE5921219D9963500447DE2 /* UserCardCell.xib in Resources */,
			);
			runOnlyForDeploymentPostprocessing = 0;
		};
		9CE591F919D988DD00447DE2 /* Resources */ = {
			isa = PBXResourcesBuildPhase;
			buildActionMask = 2147483647;
			files = (
			);
			runOnlyForDeploymentPostprocessing = 0;
		};
/* End PBXResourcesBuildPhase section */

/* Begin PBXShellScriptBuildPhase section */
		B0AAAD594DCBD136206CBBDF /* Check Pods Manifest.lock */ = {
			isa = PBXShellScriptBuildPhase;
			buildActionMask = 2147483647;
			files = (
			);
			inputPaths = (
			);
			name = "Check Pods Manifest.lock";
			outputPaths = (
			);
			runOnlyForDeploymentPostprocessing = 0;
			shellPath = /bin/sh;
			shellScript = "diff \"${PODS_ROOT}/../Podfile.lock\" \"${PODS_ROOT}/Manifest.lock\" > /dev/null\nif [[ $? != 0 ]] ; then\n    cat << EOM\nerror: The sandbox is not in sync with the Podfile.lock. Run 'pod install' or update your CocoaPods installation.\nEOM\n    exit 1\nfi\n";
			showEnvVarsInLog = 0;
		};
		C817886F27F28FF5A6B94471 /* Copy Pods Resources */ = {
			isa = PBXShellScriptBuildPhase;
			buildActionMask = 2147483647;
			files = (
			);
			inputPaths = (
			);
			name = "Copy Pods Resources";
			outputPaths = (
			);
			runOnlyForDeploymentPostprocessing = 0;
			shellPath = /bin/sh;
			shellScript = "\"${SRCROOT}/Pods/Target Support Files/Pods/Pods-resources.sh\"\n";
			showEnvVarsInLog = 0;
		};
/* End PBXShellScriptBuildPhase section */

/* Begin PBXSourcesBuildPhase section */
		9CE591DB19D988DD00447DE2 /* Sources */ = {
			isa = PBXSourcesBuildPhase;
			buildActionMask = 2147483647;
			files = (
				9CE591E819D988DD00447DE2 /* AppDelegate.m in Sources */,
				9CE591E519D988DD00447DE2 /* main.m in Sources */,
				3044ED21703A4446F59E4A48 /* MasterViewController.m in Sources */,
				3044E63944BB0B769296C88C /* DetailViewController.m in Sources */,
				3044E424CBA4C019CB64F8DB /* StoryViewController.m in Sources */,
				9CE5921119D9963500447DE2 /* UserCardCell.m in Sources */,
				3044EF03D7DE91B82882990D /* StoryTableViewCell.m in Sources */,
				ACD091C29B0060FB59E265EA /* SessionsTable.m in Sources */,
				ACD095B8C71189076BA635B1 /* CurrentStoryTable.m in Sources */,
				ACD09D27C0A9E932329C42D1 /* ScoreTable.m in Sources */,
				ACD094AEC0DB4869672F9938 /* StoriesTable.m in Sources */,
				ACD0945EFD3BA0ED5CA36E45 /* Constants.m in Sources */,
				ACD098C8FD654B0A6FE25EF2 /* CurrentStoryInteractor.m in Sources */,
				ACD098239F5197A0541E712D /* ScoreInteractor.m in Sources */,
				ACD0948C086210C0A4EC50F0 /* SessionsInteractor.m in Sources */,
				3044E0A36F0A520A177B8BB7 /* UserCard.m in Sources */,
				3044EFEC56B566A8AEF4E0D0 /* Card.m in Sources */,
				3044E7EBB144C1EBFD33A3E2 /* StoryModel.m in Sources */,
				ACD09912826389A8C61A5132 /* BaseSession.m in Sources */,
				ACD09B4E2B89A3351449BD16 /* BaseScore.m in Sources */,
			);
			runOnlyForDeploymentPostprocessing = 0;
		};
		9CE591F719D988DD00447DE2 /* Sources */ = {
			isa = PBXSourcesBuildPhase;
			buildActionMask = 2147483647;
			files = (
				ACD095722A7BC5C9E7042D6A /* CurrentStoryTableTest.m in Sources */,
				ACD095D5CAC0AC1C0056EE19 /* StoriesTableTest.m in Sources */,
				ACD09CCEAF1D39C4F7B596AB /* SessionsTest.m in Sources */,
				ACD09BFA58E45E081B89FEAF /* ScoreTableTest.m in Sources */,
			);
			runOnlyForDeploymentPostprocessing = 0;
		};
/* End PBXSourcesBuildPhase section */

/* Begin PBXTargetDependency section */
		9CE591FD19D988DD00447DE2 /* PBXTargetDependency */ = {
			isa = PBXTargetDependency;
			target = 9CE591DE19D988DD00447DE2 /* KPPokerScrumMaster */;
			targetProxy = 9CE591FC19D988DD00447DE2 /* PBXContainerItemProxy */;
		};
/* End PBXTargetDependency section */

/* Begin PBXVariantGroup section */
		9CE591EF19D988DD00447DE2 /* Main.storyboard */ = {
			isa = PBXVariantGroup;
			children = (
				9CE591F019D988DD00447DE2 /* Base */,
			);
			name = Main.storyboard;
			sourceTree = "<group>";
		};
		9CE591F419D988DD00447DE2 /* LaunchScreen.xib */ = {
			isa = PBXVariantGroup;
			children = (
				9CE591F519D988DD00447DE2 /* Base */,
			);
			name = LaunchScreen.xib;
			sourceTree = "<group>";
		};
/* End PBXVariantGroup section */

/* Begin XCBuildConfiguration section */
		9CE5920319D988DD00447DE2 /* Debug */ = {
			isa = XCBuildConfiguration;
			buildSettings = {
				ALWAYS_SEARCH_USER_PATHS = NO;
				CLANG_CXX_LANGUAGE_STANDARD = "gnu++0x";
				CLANG_CXX_LIBRARY = "libc++";
				CLANG_ENABLE_MODULES = YES;
				CLANG_ENABLE_OBJC_ARC = YES;
				CLANG_WARN_BOOL_CONVERSION = YES;
				CLANG_WARN_CONSTANT_CONVERSION = YES;
				CLANG_WARN_DIRECT_OBJC_ISA_USAGE = YES_ERROR;
				CLANG_WARN_EMPTY_BODY = YES;
				CLANG_WARN_ENUM_CONVERSION = YES;
				CLANG_WARN_INT_CONVERSION = YES;
				CLANG_WARN_OBJC_ROOT_CLASS = YES_ERROR;
				CLANG_WARN_UNREACHABLE_CODE = YES;
				CLANG_WARN__DUPLICATE_METHOD_MATCH = YES;
				"CODE_SIGN_IDENTITY[sdk=iphoneos*]" = "iPhone Developer";
				COPY_PHASE_STRIP = NO;
				ENABLE_STRICT_OBJC_MSGSEND = YES;
				GCC_C_LANGUAGE_STANDARD = gnu99;
				GCC_DYNAMIC_NO_PIC = NO;
				GCC_OPTIMIZATION_LEVEL = 0;
				GCC_PREPROCESSOR_DEFINITIONS = (
					"DEBUG=1",
					"$(inherited)",
				);
				GCC_SYMBOLS_PRIVATE_EXTERN = NO;
				GCC_WARN_64_TO_32_BIT_CONVERSION = YES;
				GCC_WARN_ABOUT_RETURN_TYPE = YES_ERROR;
				GCC_WARN_UNDECLARED_SELECTOR = YES;
				GCC_WARN_UNINITIALIZED_AUTOS = YES_AGGRESSIVE;
				GCC_WARN_UNUSED_FUNCTION = YES;
				GCC_WARN_UNUSED_VARIABLE = YES;
				IPHONEOS_DEPLOYMENT_TARGET = 8.0;
				MTL_ENABLE_DEBUG_INFO = YES;
				ONLY_ACTIVE_ARCH = YES;
				SDKROOT = iphoneos;
				TARGETED_DEVICE_FAMILY = "1,2";
			};
			name = Debug;
		};
		9CE5920419D988DD00447DE2 /* Release */ = {
			isa = XCBuildConfiguration;
			buildSettings = {
				ALWAYS_SEARCH_USER_PATHS = NO;
				CLANG_CXX_LANGUAGE_STANDARD = "gnu++0x";
				CLANG_CXX_LIBRARY = "libc++";
				CLANG_ENABLE_MODULES = YES;
				CLANG_ENABLE_OBJC_ARC = YES;
				CLANG_WARN_BOOL_CONVERSION = YES;
				CLANG_WARN_CONSTANT_CONVERSION = YES;
				CLANG_WARN_DIRECT_OBJC_ISA_USAGE = YES_ERROR;
				CLANG_WARN_EMPTY_BODY = YES;
				CLANG_WARN_ENUM_CONVERSION = YES;
				CLANG_WARN_INT_CONVERSION = YES;
				CLANG_WARN_OBJC_ROOT_CLASS = YES_ERROR;
				CLANG_WARN_UNREACHABLE_CODE = YES;
				CLANG_WARN__DUPLICATE_METHOD_MATCH = YES;
				"CODE_SIGN_IDENTITY[sdk=iphoneos*]" = "iPhone Developer";
				COPY_PHASE_STRIP = YES;
				ENABLE_NS_ASSERTIONS = NO;
				ENABLE_STRICT_OBJC_MSGSEND = YES;
				GCC_C_LANGUAGE_STANDARD = gnu99;
				GCC_WARN_64_TO_32_BIT_CONVERSION = YES;
				GCC_WARN_ABOUT_RETURN_TYPE = YES_ERROR;
				GCC_WARN_UNDECLARED_SELECTOR = YES;
				GCC_WARN_UNINITIALIZED_AUTOS = YES_AGGRESSIVE;
				GCC_WARN_UNUSED_FUNCTION = YES;
				GCC_WARN_UNUSED_VARIABLE = YES;
				IPHONEOS_DEPLOYMENT_TARGET = 8.0;
				MTL_ENABLE_DEBUG_INFO = NO;
				SDKROOT = iphoneos;
				TARGETED_DEVICE_FAMILY = "1,2";
				VALIDATE_PRODUCT = YES;
			};
			name = Release;
		};
		9CE5920619D988DD00447DE2 /* Debug */ = {
			isa = XCBuildConfiguration;
			baseConfigurationReference = C0470412871F9CBA1C7B38FA /* Pods.debug.xcconfig */;
			buildSettings = {
				ASSETCATALOG_COMPILER_APPICON_NAME = AppIcon;
				ASSETCATALOG_COMPILER_LAUNCHIMAGE_NAME = LaunchImage;
				CODE_SIGN_IDENTITY = "iPhone Developer";
				INFOPLIST_FILE = KPPokerScrumMaster/Info.plist;
				IPHONEOS_DEPLOYMENT_TARGET = 7.0;
				LD_RUNPATH_SEARCH_PATHS = "$(inherited) @executable_path/Frameworks";
				PRODUCT_NAME = "$(TARGET_NAME)";
				TARGETED_DEVICE_FAMILY = 2;
				USER_HEADER_SEARCH_PATHS = "\"${PROJECT_DIR}/Pods\"/** \"${PROJECT_DIR}/Pods\"/** \"${PROJECT_DIR}/Pods\"/** \"${PROJECT_DIR}/Pods\"/** \"${PROJECT_DIR}/Pods\"/** \"${PROJECT_DIR}/Pods\"/** \"${PROJECT_DIR}/Pods\"/** \"${PROJECT_DIR}/Pods\"/** \"${PROJECT_DIR}/Pods\"/** \"${PROJECT_DIR}/Pods\"/** \"${PROJECT_DIR}/Pods\"/**";
			};
			name = Debug;
		};
		9CE5920719D988DD00447DE2 /* Release */ = {
			isa = XCBuildConfiguration;
			baseConfigurationReference = BF8ED3C7C57613641BBEDBBA /* Pods.release.xcconfig */;
			buildSettings = {
				ASSETCATALOG_COMPILER_APPICON_NAME = AppIcon;
				ASSETCATALOG_COMPILER_LAUNCHIMAGE_NAME = LaunchImage;
				CODE_SIGN_IDENTITY = "iPhone Developer";
				INFOPLIST_FILE = KPPokerScrumMaster/Info.plist;
				IPHONEOS_DEPLOYMENT_TARGET = 7.0;
				LD_RUNPATH_SEARCH_PATHS = "$(inherited) @executable_path/Frameworks";
				PRODUCT_NAME = "$(TARGET_NAME)";
				TARGETED_DEVICE_FAMILY = 2;
				USER_HEADER_SEARCH_PATHS = "\"${PROJECT_DIR}/Pods\"/** \"${PROJECT_DIR}/Pods\"/** \"${PROJECT_DIR}/Pods\"/** \"${PROJECT_DIR}/Pods\"/** \"${PROJECT_DIR}/Pods\"/** \"${PROJECT_DIR}/Pods\"/** \"${PROJECT_DIR}/Pods\"/** \"${PROJECT_DIR}/Pods\"/** \"${PROJECT_DIR}/Pods\"/** \"${PROJECT_DIR}/Pods\"/** \"${PROJECT_DIR}/Pods\"/**";
			};
			name = Release;
		};
		9CE5920919D988DD00447DE2 /* Debug */ = {
			isa = XCBuildConfiguration;
			buildSettings = {
				BUNDLE_LOADER = "$(TEST_HOST)";
				FRAMEWORK_SEARCH_PATHS = (
					"$(SDKROOT)/Developer/Library/Frameworks",
					"$(inherited)",
				);
				GCC_PREPROCESSOR_DEFINITIONS = (
					"DEBUG=1",
					"$(inherited)",
				);
				INFOPLIST_FILE = KPPokerScrumMasterTests/Info.plist;
				LD_RUNPATH_SEARCH_PATHS = "$(inherited) @executable_path/Frameworks @loader_path/Frameworks";
				PRODUCT_NAME = "$(TARGET_NAME)";
				TEST_HOST = "$(BUILT_PRODUCTS_DIR)/KPPokerScrumMaster.app/KPPokerScrumMaster";
				USER_HEADER_SEARCH_PATHS = "\"${PROJECT_DIR}/Pods\"/**";
			};
			name = Debug;
		};
		9CE5920A19D988DD00447DE2 /* Release */ = {
			isa = XCBuildConfiguration;
			buildSettings = {
				BUNDLE_LOADER = "$(TEST_HOST)";
				FRAMEWORK_SEARCH_PATHS = (
					"$(SDKROOT)/Developer/Library/Frameworks",
					"$(inherited)",
				);
				INFOPLIST_FILE = KPPokerScrumMasterTests/Info.plist;
				LD_RUNPATH_SEARCH_PATHS = "$(inherited) @executable_path/Frameworks @loader_path/Frameworks";
				PRODUCT_NAME = "$(TARGET_NAME)";
				TEST_HOST = "$(BUILT_PRODUCTS_DIR)/KPPokerScrumMaster.app/KPPokerScrumMaster";
				USER_HEADER_SEARCH_PATHS = "\"${PROJECT_DIR}/Pods\"/**";
			};
			name = Release;
		};
/* End XCBuildConfiguration section */

/* Begin XCConfigurationList section */
		9CE591DA19D988DD00447DE2 /* Build configuration list for PBXProject "KPPokerScrumMaster" */ = {
			isa = XCConfigurationList;
			buildConfigurations = (
				9CE5920319D988DD00447DE2 /* Debug */,
				9CE5920419D988DD00447DE2 /* Release */,
			);
			defaultConfigurationIsVisible = 0;
			defaultConfigurationName = Release;
		};
		9CE5920519D988DD00447DE2 /* Build configuration list for PBXNativeTarget "KPPokerScrumMaster" */ = {
			isa = XCConfigurationList;
			buildConfigurations = (
				9CE5920619D988DD00447DE2 /* Debug */,
				9CE5920719D988DD00447DE2 /* Release */,
			);
			defaultConfigurationIsVisible = 0;
			defaultConfigurationName = Release;
		};
		9CE5920819D988DD00447DE2 /* Build configuration list for PBXNativeTarget "KPPokerScrumMasterTests" */ = {
			isa = XCConfigurationList;
			buildConfigurations = (
				9CE5920919D988DD00447DE2 /* Debug */,
				9CE5920A19D988DD00447DE2 /* Release */,
			);
			defaultConfigurationIsVisible = 0;
			defaultConfigurationName = Release;
		};
/* End XCConfigurationList section */
	};
	rootObject = 9CE591D719D988DD00447DE2 /* Project object */;
}
